$ANSIBLE_VAULT;1.1;AES256
36346431646239663264353232353461336264363339336463343533316563393132613463656561
3435363132613530633665623865333034326339373231340a346333656663656535653361303431
35326636356433306366636630366663343266363537363232383737623732343839653963383563
3837303566353839360a346535623132353236373630303762613133623134613933313162326434
35616430303433343665373062306636376437633530306236646633333664336135
