$ANSIBLE_VAULT;1.1;AES256
38336134643764363664343635366537626239636265343838326135636433373132656264396635
3362626336663034326163303631656162643962386136350a303866343836363137333337373864
64303931633865633030616230343632316635376539353132393338373864306338363565663064
6235353665356366620a363730633766633932663630316231346532313537366332303465326161
66623131623930643664393138396664653464316335346637343630383566353865
