$ANSIBLE_VAULT;1.1;AES256
37343039353862633265363636383136636633326162613130333830333535323730616133383430
3337376335316530366136316234383538616237653239320a623236306132623166623732303738
32383231333064303730346331396363373633663936653262613363653832306566356465336365
3964663134656133360a363430323433396464353165653266323034386237366632363865626136
39386232356630303862316131653163393439316336323862643838636565393630
